
Microsoft Visual Studio Solution File, Format Version 12.00
# Visual Studio Version 17
VisualStudioVersion = 17.10.34928.147
MinimumVisualStudioVersion = 10.0.40219.1
Project("{FAE04EC0-301F-11D3-BF4B-00C04F79EFBC}") = "GabitenStomatologiczny", "GabitenStomatologiczny\GabitenStomatologiczny.csproj", "{B885840E-1F51-4771-9B2E-415F33F13F11}"
EndProject
Global
	GlobalSection(SolutionConfigurationPlatforms) = preSolution
		Debug|Any CPU = Debug|Any CPU
		Release|Any CPU = Release|Any CPU
	EndGlobalSection
	GlobalSection(ProjectConfigurationPlatforms) = postSolution
		{B885840E-1F51-4771-9B2E-415F33F13F11}.Debug|Any CPU.ActiveCfg = Debug|Any CPU
		{B885840E-1F51-4771-9B2E-415F33F13F11}.Debug|Any CPU.Build.0 = Debug|Any CPU
		{B885840E-1F51-4771-9B2E-415F33F13F11}.Release|Any CPU.ActiveCfg = Release|Any CPU
		{B885840E-1F51-4771-9B2E-415F33F13F11}.Release|Any CPU.Build.0 = Release|Any CPU
	EndGlobalSection
	GlobalSection(SolutionProperties) = preSolution
		HideSolutionNode = FALSE
	EndGlobalSection
	GlobalSection(ExtensibilityGlobals) = postSolution
		SolutionGuid = {E7E361D4-EE44-4D07-884A-8DE8F58B79CB}
	EndGlobalSection
EndGlobal
